
Microsoft Visual Studio Solution File, Format Version 12.00
# Visual Studio Version 17
VisualStudioVersion = 17.9.34622.214
MinimumVisualStudioVersion = 10.0.40219.1
Project("{FAE04EC0-301F-11D3-BF4B-00C04F79EFBC}") = "DAL", "DAL\DAL.csproj", "{DF161A1C-13E2-4117-8C57-915270216FD6}"
EndProject
Project("{FAE04EC0-301F-11D3-BF4B-00C04F79EFBC}") = "DTO", "DTO\DTO.csproj", "{26F45C7C-6920-4422-97FE-40D6481F9F28}"
EndProject
Project("{FAE04EC0-301F-11D3-BF4B-00C04F79EFBC}") = "BLL", "BLL\BLL.csproj", "{911476D3-8417-4F3E-81E9-F4D0A529D9E2}"
EndProject
Project("{FAE04EC0-301F-11D3-BF4B-00C04F79EFBC}") = "WebApi", "WebApi\WebApi.csproj", "{9E282F84-3720-40AA-93B9-7260496C7542}"
EndProject
Global
	GlobalSection(SolutionConfigurationPlatforms) = preSolution
		Debug|Any CPU = Debug|Any CPU
		Release|Any CPU = Release|Any CPU
	EndGlobalSection
	GlobalSection(ProjectConfigurationPlatforms) = postSolution
		{DF161A1C-13E2-4117-8C57-915270216FD6}.Debug|Any CPU.ActiveCfg = Debug|Any CPU
		{DF161A1C-13E2-4117-8C57-915270216FD6}.Debug|Any CPU.Build.0 = Debug|Any CPU
		{DF161A1C-13E2-4117-8C57-915270216FD6}.Release|Any CPU.ActiveCfg = Release|Any CPU
		{DF161A1C-13E2-4117-8C57-915270216FD6}.Release|Any CPU.Build.0 = Release|Any CPU
		{26F45C7C-6920-4422-97FE-40D6481F9F28}.Debug|Any CPU.ActiveCfg = Debug|Any CPU
		{26F45C7C-6920-4422-97FE-40D6481F9F28}.Debug|Any CPU.Build.0 = Debug|Any CPU
		{26F45C7C-6920-4422-97FE-40D6481F9F28}.Release|Any CPU.ActiveCfg = Release|Any CPU
		{26F45C7C-6920-4422-97FE-40D6481F9F28}.Release|Any CPU.Build.0 = Release|Any CPU
		{911476D3-8417-4F3E-81E9-F4D0A529D9E2}.Debug|Any CPU.ActiveCfg = Debug|Any CPU
		{911476D3-8417-4F3E-81E9-F4D0A529D9E2}.Debug|Any CPU.Build.0 = Debug|Any CPU
		{911476D3-8417-4F3E-81E9-F4D0A529D9E2}.Release|Any CPU.ActiveCfg = Release|Any CPU
		{911476D3-8417-4F3E-81E9-F4D0A529D9E2}.Release|Any CPU.Build.0 = Release|Any CPU
		{9E282F84-3720-40AA-93B9-7260496C7542}.Debug|Any CPU.ActiveCfg = Debug|Any CPU
		{9E282F84-3720-40AA-93B9-7260496C7542}.Debug|Any CPU.Build.0 = Debug|Any CPU
		{9E282F84-3720-40AA-93B9-7260496C7542}.Release|Any CPU.ActiveCfg = Release|Any CPU
		{9E282F84-3720-40AA-93B9-7260496C7542}.Release|Any CPU.Build.0 = Release|Any CPU
	EndGlobalSection
	GlobalSection(SolutionProperties) = preSolution
		HideSolutionNode = FALSE
	EndGlobalSection
	GlobalSection(ExtensibilityGlobals) = postSolution
		SolutionGuid = {936E5F9B-A0D6-45DB-82F8-9A066C71F860}
	EndGlobalSection
EndGlobal
